
Microsoft Visual Studio Solution File, Format Version 12.00
# Visual Studio 15
VisualStudioVersion = 15.0.26124.0
MinimumVisualStudioVersion = 15.0.26124.0
Project("{FAE04EC0-301F-11D3-BF4B-00C04F79EFBC}") = "QuickBuy.Dominio", "QuickBuy.Dominio\QuickBuy.Dominio.csproj", "{EAEF3B58-C9E7-4477-8ADC-0FC501F68B3B}"
EndProject
Project("{FAE04EC0-301F-11D3-BF4B-00C04F79EFBC}") = "QuickBuy.Repositorio", "QuickBuy.Repositorio\QuickBuy.Repositorio.csproj", "{81CE921B-8637-48B1-81D8-81DC08962302}"
EndProject
Project("{FAE04EC0-301F-11D3-BF4B-00C04F79EFBC}") = "QuickBuy.Web", "QuickBuy.Web\QuickBuy.Web.csproj", "{876073C4-7A33-4C17-AA94-A137B5D2E0C2}"
EndProject
Global
	GlobalSection(SolutionConfigurationPlatforms) = preSolution
		Debug|Any CPU = Debug|Any CPU
		Debug|x64 = Debug|x64
		Debug|x86 = Debug|x86
		Release|Any CPU = Release|Any CPU
		Release|x64 = Release|x64
		Release|x86 = Release|x86
	EndGlobalSection
	GlobalSection(SolutionProperties) = preSolution
		HideSolutionNode = FALSE
	EndGlobalSection
	GlobalSection(ProjectConfigurationPlatforms) = postSolution
		{EAEF3B58-C9E7-4477-8ADC-0FC501F68B3B}.Debug|Any CPU.ActiveCfg = Debug|Any CPU
		{EAEF3B58-C9E7-4477-8ADC-0FC501F68B3B}.Debug|Any CPU.Build.0 = Debug|Any CPU
		{EAEF3B58-C9E7-4477-8ADC-0FC501F68B3B}.Debug|x64.ActiveCfg = Debug|Any CPU
		{EAEF3B58-C9E7-4477-8ADC-0FC501F68B3B}.Debug|x64.Build.0 = Debug|Any CPU
		{EAEF3B58-C9E7-4477-8ADC-0FC501F68B3B}.Debug|x86.ActiveCfg = Debug|Any CPU
		{EAEF3B58-C9E7-4477-8ADC-0FC501F68B3B}.Debug|x86.Build.0 = Debug|Any CPU
		{EAEF3B58-C9E7-4477-8ADC-0FC501F68B3B}.Release|Any CPU.ActiveCfg = Release|Any CPU
		{EAEF3B58-C9E7-4477-8ADC-0FC501F68B3B}.Release|Any CPU.Build.0 = Release|Any CPU
		{EAEF3B58-C9E7-4477-8ADC-0FC501F68B3B}.Release|x64.ActiveCfg = Release|Any CPU
		{EAEF3B58-C9E7-4477-8ADC-0FC501F68B3B}.Release|x64.Build.0 = Release|Any CPU
		{EAEF3B58-C9E7-4477-8ADC-0FC501F68B3B}.Release|x86.ActiveCfg = Release|Any CPU
		{EAEF3B58-C9E7-4477-8ADC-0FC501F68B3B}.Release|x86.Build.0 = Release|Any CPU
		{81CE921B-8637-48B1-81D8-81DC08962302}.Debug|Any CPU.ActiveCfg = Debug|Any CPU
		{81CE921B-8637-48B1-81D8-81DC08962302}.Debug|Any CPU.Build.0 = Debug|Any CPU
		{81CE921B-8637-48B1-81D8-81DC08962302}.Debug|x64.ActiveCfg = Debug|Any CPU
		{81CE921B-8637-48B1-81D8-81DC08962302}.Debug|x64.Build.0 = Debug|Any CPU
		{81CE921B-8637-48B1-81D8-81DC08962302}.Debug|x86.ActiveCfg = Debug|Any CPU
		{81CE921B-8637-48B1-81D8-81DC08962302}.Debug|x86.Build.0 = Debug|Any CPU
		{81CE921B-8637-48B1-81D8-81DC08962302}.Release|Any CPU.ActiveCfg = Release|Any CPU
		{81CE921B-8637-48B1-81D8-81DC08962302}.Release|Any CPU.Build.0 = Release|Any CPU
		{81CE921B-8637-48B1-81D8-81DC08962302}.Release|x64.ActiveCfg = Release|Any CPU
		{81CE921B-8637-48B1-81D8-81DC08962302}.Release|x64.Build.0 = Release|Any CPU
		{81CE921B-8637-48B1-81D8-81DC08962302}.Release|x86.ActiveCfg = Release|Any CPU
		{81CE921B-8637-48B1-81D8-81DC08962302}.Release|x86.Build.0 = Release|Any CPU
		{876073C4-7A33-4C17-AA94-A137B5D2E0C2}.Debug|Any CPU.ActiveCfg = Debug|Any CPU
		{876073C4-7A33-4C17-AA94-A137B5D2E0C2}.Debug|Any CPU.Build.0 = Debug|Any CPU
		{876073C4-7A33-4C17-AA94-A137B5D2E0C2}.Debug|x64.ActiveCfg = Debug|Any CPU
		{876073C4-7A33-4C17-AA94-A137B5D2E0C2}.Debug|x64.Build.0 = Debug|Any CPU
		{876073C4-7A33-4C17-AA94-A137B5D2E0C2}.Debug|x86.ActiveCfg = Debug|Any CPU
		{876073C4-7A33-4C17-AA94-A137B5D2E0C2}.Debug|x86.Build.0 = Debug|Any CPU
		{876073C4-7A33-4C17-AA94-A137B5D2E0C2}.Release|Any CPU.ActiveCfg = Release|Any CPU
		{876073C4-7A33-4C17-AA94-A137B5D2E0C2}.Release|Any CPU.Build.0 = Release|Any CPU
		{876073C4-7A33-4C17-AA94-A137B5D2E0C2}.Release|x64.ActiveCfg = Release|Any CPU
		{876073C4-7A33-4C17-AA94-A137B5D2E0C2}.Release|x64.Build.0 = Release|Any CPU
		{876073C4-7A33-4C17-AA94-A137B5D2E0C2}.Release|x86.ActiveCfg = Release|Any CPU
		{876073C4-7A33-4C17-AA94-A137B5D2E0C2}.Release|x86.Build.0 = Release|Any CPU
	EndGlobalSection
EndGlobal
